{
  "requires": true,
  "lockfileVersion": 1,
  "dependencies": {
    "@fullcalendar/common": {
      "version": "5.5.1",
      "resolved": "https://registry.npmjs.org/@fullcalendar/common/-/common-5.5.1.tgz",
      "integrity": "sha512-tfVlX4aBHxCDJAVkUm93FXScOhmdz6/vUy/ISfpNeRNYuUvhJbmjoH67DpGNdS3we2n6/dVte021TE4Bbo4uRA==",
      "requires": {
        "ical.js": "^1.4.0",
        "tslib": "^2.0.3"
      }
    },
    "@fullcalendar/core": {
      "version": "5.5.1",
      "resolved": "https://registry.npmjs.org/@fullcalendar/core/-/core-5.5.1.tgz",
      "integrity": "sha512-6OAtYhgWekZExakbB3NUiIPZHsebBQQfwdWpccYYEKb5DZi3mf4gUb8CCrvfBp6YXx0hhYNlglPLcfJgxpy5Bg==",
      "requires": {
        "@fullcalendar/common": "~5.5.0",
        "preact": "^10.0.5",
        "tslib": "^2.0.3"
      }
    },
    "@fullcalendar/daygrid": {
      "version": "5.5.0",
      "resolved": "https://registry.npmjs.org/@fullcalendar/daygrid/-/daygrid-5.5.0.tgz",
      "integrity": "sha512-O/59C3ihElLsPnkjlD1xUgAf3v7WEARXVO+wZfASKtK14Ccux2MA9mWUA1+80m9q8on7SYL36ORhrea7GKy/qQ==",
      "requires": {
        "@fullcalendar/common": "~5.5.0",
        "tslib": "^2.0.3"
      }
    },
    "ical.js": {
      "version": "1.4.0",
      "resolved": "https://registry.npmjs.org/ical.js/-/ical.js-1.4.0.tgz",
      "integrity": "sha512-ltHZuOFNNjcyEYbzDgjemS7LWIFh2vydJeznxQHUh3dnarbxqOYsWONYteBVAq1MEOHnwXFGN2eskZReHclnrA=="
    },
    "preact": {
      "version": "10.5.12",
      "resolved": "https://registry.npmjs.org/preact/-/preact-10.5.12.tgz",
      "integrity": "sha512-r6siDkuD36oszwlCkcqDJCAKBQxGoeEGytw2DGMD5A/GGdu5Tymw+N2OBXwvOLxg6d1FeY8MgMV3cc5aVQo4Cg=="
    },
    "tslib": {
      "version": "2.1.0",
      "resolved": "https://registry.npmjs.org/tslib/-/tslib-2.1.0.tgz",
      "integrity": "sha512-hcVC3wYEziELGGmEEXue7D75zbwIIVUMWAVbHItGPx0ziyXxrOMQx4rQEVEV45Ut/1IotuEvwqPopzIOkDMf0A=="
    }
  }
}
